
Microsoft Visual Studio Solution File, Format Version 12.00
# Visual Studio Version 17
VisualStudioVersion = 17.11.35312.102
MinimumVisualStudioVersion = 10.0.40219.1
Project("{FAE04EC0-301F-11D3-BF4B-00C04F79EFBC}") = "PracticalTask", "PracticalTask.csproj", "{4465EBC1-68EA-4AC9-8A16-65CB0E26C2A3}"
EndProject
Global
	GlobalSection(SolutionConfigurationPlatforms) = preSolution
		Debug|Any CPU = Debug|Any CPU
		Release|Any CPU = Release|Any CPU
	EndGlobalSection
	GlobalSection(ProjectConfigurationPlatforms) = postSolution
		{4465EBC1-68EA-4AC9-8A16-65CB0E26C2A3}.Debug|Any CPU.ActiveCfg = Debug|Any CPU
		{4465EBC1-68EA-4AC9-8A16-65CB0E26C2A3}.Debug|Any CPU.Build.0 = Debug|Any CPU
		{4465EBC1-68EA-4AC9-8A16-65CB0E26C2A3}.Release|Any CPU.ActiveCfg = Release|Any CPU
		{4465EBC1-68EA-4AC9-8A16-65CB0E26C2A3}.Release|Any CPU.Build.0 = Release|Any CPU
	EndGlobalSection
	GlobalSection(SolutionProperties) = preSolution
		HideSolutionNode = FALSE
	EndGlobalSection
	GlobalSection(ExtensibilityGlobals) = postSolution
		SolutionGuid = {F0F3F71A-D967-48B4-8E17-1B65C6D6667D}
	EndGlobalSection
EndGlobal
